PODS:
  - camera_avfoundation (0.0.1):
    - Flutter
  - Flutter (1.0.0)
  - gal (1.0.0):
    - Flutter
    - FlutterMacOS
  - permission_handler_apple (9.1.1):
    - Flutter

DEPENDENCIES:
  - camera_avfoundation (from `.symlinks/plugins/camera_avfoundation/ios`)
  - Flutter (from `Flutter`)
  - gal (from `.symlinks/plugins/gal/darwin`)
  - permission_handler_apple (from `.symlinks/plugins/permission_handler_apple/ios`)

EXTERNAL SOURCES:
  camera_avfoundation:
    :path: ".symlinks/plugins/camera_avfoundation/ios"
  Flutter:
    :path: Flutter
  gal:
    :path: ".symlinks/plugins/gal/darwin"
  permission_handler_apple:
    :path: ".symlinks/plugins/permission_handler_apple/ios"

SPEC CHECKSUMS:
  camera_avfoundation: 04b44aeb14070126c6529e5ab82cc7c9fca107cf
  Flutter: e0871f40cf51350855a761d2e70bf5af5b9b5de7
  gal: baecd024ebfd13c441269ca7404792a7152fde89
  permission_handler_apple: 3787117e48f80715ff04a3830ca039283d6a4f29

PODFILE CHECKSUM: ed49e7c205cc2dde0524611020ab56f40484f5a3

COCOAPODS: 1.16.2
